
Microsoft Visual Studio Solution File, Format Version 12.00
# Visual Studio Version 17
VisualStudioVersion = 17.8.34330.188
MinimumVisualStudioVersion = 10.0.40219.1
Project("{FAE04EC0-301F-11D3-BF4B-00C04F79EFBC}") = "DemiWebsite.Server", "DemiWebsite.Server\DemiWebsite.Server.csproj", "{CC4A36CA-81A1-4AA6-97B0-65482EFB68F9}"
EndProject
Project("{54A90642-561A-4BB1-A94E-469ADEE60C69}") = "demiwebsite.client", "demiwebsite.client\demiwebsite.client.esproj", "{994A9ADE-6930-43A6-83D7-4EFD222C745C}"
EndProject
Global
	GlobalSection(SolutionConfigurationPlatforms) = preSolution
		Debug|Any CPU = Debug|Any CPU
		Release|Any CPU = Release|Any CPU
	EndGlobalSection
	GlobalSection(ProjectConfigurationPlatforms) = postSolution
		{CC4A36CA-81A1-4AA6-97B0-65482EFB68F9}.Debug|Any CPU.ActiveCfg = Debug|Any CPU
		{CC4A36CA-81A1-4AA6-97B0-65482EFB68F9}.Debug|Any CPU.Build.0 = Debug|Any CPU
		{CC4A36CA-81A1-4AA6-97B0-65482EFB68F9}.Release|Any CPU.ActiveCfg = Release|Any CPU
		{CC4A36CA-81A1-4AA6-97B0-65482EFB68F9}.Release|Any CPU.Build.0 = Release|Any CPU
		{994A9ADE-6930-43A6-83D7-4EFD222C745C}.Debug|Any CPU.ActiveCfg = Debug|Any CPU
		{994A9ADE-6930-43A6-83D7-4EFD222C745C}.Debug|Any CPU.Build.0 = Debug|Any CPU
		{994A9ADE-6930-43A6-83D7-4EFD222C745C}.Debug|Any CPU.Deploy.0 = Debug|Any CPU
		{994A9ADE-6930-43A6-83D7-4EFD222C745C}.Release|Any CPU.ActiveCfg = Release|Any CPU
		{994A9ADE-6930-43A6-83D7-4EFD222C745C}.Release|Any CPU.Build.0 = Release|Any CPU
		{994A9ADE-6930-43A6-83D7-4EFD222C745C}.Release|Any CPU.Deploy.0 = Release|Any CPU
	EndGlobalSection
	GlobalSection(SolutionProperties) = preSolution
		HideSolutionNode = FALSE
	EndGlobalSection
	GlobalSection(ExtensibilityGlobals) = postSolution
		SolutionGuid = {FE70C48B-DAB4-4B0C-ADD1-4414C776070E}
	EndGlobalSection
EndGlobal
